
Microsoft Visual Studio Solution File, Format Version 12.00
# Visual Studio 14
VisualStudioVersion = 14.0.25123.0
MinimumVisualStudioVersion = 10.0.40219.1
Project("{FAE04EC0-301F-11D3-BF4B-00C04F79EFBC}") = "01.MaxSequenceOfEqualElements", "01.MaxSequenceOfEqualElements\01.MaxSequenceOfEqualElements.csproj", "{A6642756-2E13-4C96-9262-8041F7DA96E1}"
EndProject
Project("{FAE04EC0-301F-11D3-BF4B-00C04F79EFBC}") = "02.MatrixOfPalindromes", "02.MatrixOfPalindromes\02.MatrixOfPalindromes.csproj", "{57CC76FC-2E79-4876-8EF2-C03BABB3F9F2}"
EndProject
Project("{FAE04EC0-301F-11D3-BF4B-00C04F79EFBC}") = "03.DiagonalDifference", "03.DiagonalDifference\03.DiagonalDifference.csproj", "{6D0CBEC1-529C-4485-8E00-72C768C4A3C6}"
EndProject
Project("{FAE04EC0-301F-11D3-BF4B-00C04F79EFBC}") = "04.2x2SquaresInMatrix", "04.2x2SquaresInMatrix\04.2x2SquaresInMatrix.csproj", "{40754326-B829-404B-A210-13995D5192E7}"
EndProject
Project("{FAE04EC0-301F-11D3-BF4B-00C04F79EFBC}") = "05.MaxPlatform3x3", "05.MaxPlatform3x3\05.MaxPlatform3x3.csproj", "{3337A4D2-BE8A-4D69-B791-0974246DE7CA}"
EndProject
Project("{FAE04EC0-301F-11D3-BF4B-00C04F79EFBC}") = "06.HourglassSum", "06.HourglassSum\06.HourglassSum.csproj", "{602A34BE-A3DD-4D4B-9DFA-367BDCFA3DC3}"
EndProject
Project("{FAE04EC0-301F-11D3-BF4B-00C04F79EFBC}") = "11.SumReversedNumbers", "11.SumReversedNumbers\11.SumReversedNumbers.csproj", "{56FD7365-5F68-4A50-A82A-74271DBA3F23}"
EndProject
Project("{FAE04EC0-301F-11D3-BF4B-00C04F79EFBC}") = "12.BombNumbers", "12.BombNumbers\12.BombNumbers.csproj", "{355CD2C2-48A9-4755-A56E-D72BDDEAD9F7}"
EndProject
Project("{FAE04EC0-301F-11D3-BF4B-00C04F79EFBC}") = "07.MatrixGenerator", "07.MatrixGenerator\07.MatrixGenerator.csproj", "{F0715E5B-A1D3-48ED-80C5-08CB7846CBF3}"
EndProject
Project("{FAE04EC0-301F-11D3-BF4B-00C04F79EFBC}") = "08.LargestFrameInMatrix", "08.LargestFrameInMatrix\08.LargestFrameInMatrix.csproj", "{9C4E34AE-E19C-4205-B5BE-6BB9DBCEF2D1}"
EndProject
Project("{FAE04EC0-301F-11D3-BF4B-00C04F79EFBC}") = "09.LargestIncreasingSequence", "09.LargestIncreasingSequence\09.LargestIncreasingSequence.csproj", "{B97E2CA2-C63E-410A-BC46-A430EBFCA8ED}"
EndProject
Project("{FAE04EC0-301F-11D3-BF4B-00C04F79EFBC}") = "10.ArrayManipulator", "10.ArrayManipulator\10.ArrayManipulator.csproj", "{3B49A7B5-D706-4F9E-8688-A2495F90269B}"
EndProject
Project("{FAE04EC0-301F-11D3-BF4B-00C04F79EFBC}") = "13.Tour", "13.Tour\13.Tour.csproj", "{B675869C-B131-4B8F-9046-04D8E960F3E8}"
EndProject
Global
	GlobalSection(SolutionConfigurationPlatforms) = preSolution
		Debug|Any CPU = Debug|Any CPU
		Release|Any CPU = Release|Any CPU
	EndGlobalSection
	GlobalSection(ProjectConfigurationPlatforms) = postSolution
		{A6642756-2E13-4C96-9262-8041F7DA96E1}.Debug|Any CPU.ActiveCfg = Debug|Any CPU
		{A6642756-2E13-4C96-9262-8041F7DA96E1}.Debug|Any CPU.Build.0 = Debug|Any CPU
		{A6642756-2E13-4C96-9262-8041F7DA96E1}.Release|Any CPU.ActiveCfg = Release|Any CPU
		{A6642756-2E13-4C96-9262-8041F7DA96E1}.Release|Any CPU.Build.0 = Release|Any CPU
		{57CC76FC-2E79-4876-8EF2-C03BABB3F9F2}.Debug|Any CPU.ActiveCfg = Debug|Any CPU
		{57CC76FC-2E79-4876-8EF2-C03BABB3F9F2}.Debug|Any CPU.Build.0 = Debug|Any CPU
		{57CC76FC-2E79-4876-8EF2-C03BABB3F9F2}.Release|Any CPU.ActiveCfg = Release|Any CPU
		{57CC76FC-2E79-4876-8EF2-C03BABB3F9F2}.Release|Any CPU.Build.0 = Release|Any CPU
		{6D0CBEC1-529C-4485-8E00-72C768C4A3C6}.Debug|Any CPU.ActiveCfg = Debug|Any CPU
		{6D0CBEC1-529C-4485-8E00-72C768C4A3C6}.Debug|Any CPU.Build.0 = Debug|Any CPU
		{6D0CBEC1-529C-4485-8E00-72C768C4A3C6}.Release|Any CPU.ActiveCfg = Release|Any CPU
		{6D0CBEC1-529C-4485-8E00-72C768C4A3C6}.Release|Any CPU.Build.0 = Release|Any CPU
		{40754326-B829-404B-A210-13995D5192E7}.Debug|Any CPU.ActiveCfg = Debug|Any CPU
		{40754326-B829-404B-A210-13995D5192E7}.Debug|Any CPU.Build.0 = Debug|Any CPU
		{40754326-B829-404B-A210-13995D5192E7}.Release|Any CPU.ActiveCfg = Release|Any CPU
		{40754326-B829-404B-A210-13995D5192E7}.Release|Any CPU.Build.0 = Release|Any CPU
		{3337A4D2-BE8A-4D69-B791-0974246DE7CA}.Debug|Any CPU.ActiveCfg = Debug|Any CPU
		{3337A4D2-BE8A-4D69-B791-0974246DE7CA}.Debug|Any CPU.Build.0 = Debug|Any CPU
		{3337A4D2-BE8A-4D69-B791-0974246DE7CA}.Release|Any CPU.ActiveCfg = Release|Any CPU
		{3337A4D2-BE8A-4D69-B791-0974246DE7CA}.Release|Any CPU.Build.0 = Release|Any CPU
		{602A34BE-A3DD-4D4B-9DFA-367BDCFA3DC3}.Debug|Any CPU.ActiveCfg = Debug|Any CPU
		{602A34BE-A3DD-4D4B-9DFA-367BDCFA3DC3}.Debug|Any CPU.Build.0 = Debug|Any CPU
		{602A34BE-A3DD-4D4B-9DFA-367BDCFA3DC3}.Release|Any CPU.ActiveCfg = Release|Any CPU
		{602A34BE-A3DD-4D4B-9DFA-367BDCFA3DC3}.Release|Any CPU.Build.0 = Release|Any CPU
		{56FD7365-5F68-4A50-A82A-74271DBA3F23}.Debug|Any CPU.ActiveCfg = Debug|Any CPU
		{56FD7365-5F68-4A50-A82A-74271DBA3F23}.Debug|Any CPU.Build.0 = Debug|Any CPU
		{56FD7365-5F68-4A50-A82A-74271DBA3F23}.Release|Any CPU.ActiveCfg = Release|Any CPU
		{56FD7365-5F68-4A50-A82A-74271DBA3F23}.Release|Any CPU.Build.0 = Release|Any CPU
		{355CD2C2-48A9-4755-A56E-D72BDDEAD9F7}.Debug|Any CPU.ActiveCfg = Debug|Any CPU
		{355CD2C2-48A9-4755-A56E-D72BDDEAD9F7}.Debug|Any CPU.Build.0 = Debug|Any CPU
		{355CD2C2-48A9-4755-A56E-D72BDDEAD9F7}.Release|Any CPU.ActiveCfg = Release|Any CPU
		{355CD2C2-48A9-4755-A56E-D72BDDEAD9F7}.Release|Any CPU.Build.0 = Release|Any CPU
		{F0715E5B-A1D3-48ED-80C5-08CB7846CBF3}.Debug|Any CPU.ActiveCfg = Debug|Any CPU
		{F0715E5B-A1D3-48ED-80C5-08CB7846CBF3}.Debug|Any CPU.Build.0 = Debug|Any CPU
		{F0715E5B-A1D3-48ED-80C5-08CB7846CBF3}.Release|Any CPU.ActiveCfg = Release|Any CPU
		{F0715E5B-A1D3-48ED-80C5-08CB7846CBF3}.Release|Any CPU.Build.0 = Release|Any CPU
		{9C4E34AE-E19C-4205-B5BE-6BB9DBCEF2D1}.Debug|Any CPU.ActiveCfg = Debug|Any CPU
		{9C4E34AE-E19C-4205-B5BE-6BB9DBCEF2D1}.Debug|Any CPU.Build.0 = Debug|Any CPU
		{9C4E34AE-E19C-4205-B5BE-6BB9DBCEF2D1}.Release|Any CPU.ActiveCfg = Release|Any CPU
		{9C4E34AE-E19C-4205-B5BE-6BB9DBCEF2D1}.Release|Any CPU.Build.0 = Release|Any CPU
		{B97E2CA2-C63E-410A-BC46-A430EBFCA8ED}.Debug|Any CPU.ActiveCfg = Debug|Any CPU
		{B97E2CA2-C63E-410A-BC46-A430EBFCA8ED}.Debug|Any CPU.Build.0 = Debug|Any CPU
		{B97E2CA2-C63E-410A-BC46-A430EBFCA8ED}.Release|Any CPU.ActiveCfg = Release|Any CPU
		{B97E2CA2-C63E-410A-BC46-A430EBFCA8ED}.Release|Any CPU.Build.0 = Release|Any CPU
		{3B49A7B5-D706-4F9E-8688-A2495F90269B}.Debug|Any CPU.ActiveCfg = Debug|Any CPU
		{3B49A7B5-D706-4F9E-8688-A2495F90269B}.Debug|Any CPU.Build.0 = Debug|Any CPU
		{3B49A7B5-D706-4F9E-8688-A2495F90269B}.Release|Any CPU.ActiveCfg = Release|Any CPU
		{3B49A7B5-D706-4F9E-8688-A2495F90269B}.Release|Any CPU.Build.0 = Release|Any CPU
		{B675869C-B131-4B8F-9046-04D8E960F3E8}.Debug|Any CPU.ActiveCfg = Debug|Any CPU
		{B675869C-B131-4B8F-9046-04D8E960F3E8}.Debug|Any CPU.Build.0 = Debug|Any CPU
		{B675869C-B131-4B8F-9046-04D8E960F3E8}.Release|Any CPU.ActiveCfg = Release|Any CPU
		{B675869C-B131-4B8F-9046-04D8E960F3E8}.Release|Any CPU.Build.0 = Release|Any CPU
	EndGlobalSection
	GlobalSection(SolutionProperties) = preSolution
		HideSolutionNode = FALSE
	EndGlobalSection
EndGlobal
