
Microsoft Visual Studio Solution File, Format Version 12.00
# Visual Studio 14
VisualStudioVersion = 14.0.25123.0
MinimumVisualStudioVersion = 10.0.40219.1
Project("{FAE04EC0-301F-11D3-BF4B-00C04F79EFBC}") = "01.CountWorkingDays", "01.CountWorkingDays\01.CountWorkingDays.csproj", "{BE3B8A32-BCDA-46DD-986C-A9DC50FC52A4}"
EndProject
Project("{FAE04EC0-301F-11D3-BF4B-00C04F79EFBC}") = "02.AdvertisementMessage", "02.AdvertisementMessage\02.AdvertisementMessage.csproj", "{5D661533-8D4C-45E1-9DC8-2EF9BE8BCECD}"
EndProject
Project("{FAE04EC0-301F-11D3-BF4B-00C04F79EFBC}") = "03.IntersectionOfCircles", "03.IntersectionOfCircles\03.IntersectionOfCircles.csproj", "{207BE0BE-ECBD-4C8D-BEA8-BC0A5287492E}"
EndProject
Project("{FAE04EC0-301F-11D3-BF4B-00C04F79EFBC}") = "04.AverageGrades", "04.AverageGrades\04.AverageGrades.csproj", "{1089A3E8-1DE9-4460-8872-0719A012CE48}"
EndProject
Project("{FAE04EC0-301F-11D3-BF4B-00C04F79EFBC}") = "05.BookLibrary", "05.BookLibrary\05.BookLibrary.csproj", "{DA108203-5679-4FFC-AC76-1BC971FFA556}"
EndProject
Project("{FAE04EC0-301F-11D3-BF4B-00C04F79EFBC}") = "06.BookLibraryModification", "06.BookLibraryModification\06.BookLibraryModification.csproj", "{F775305B-83CB-4580-883D-648F79AA3370}"
EndProject
Global
	GlobalSection(SolutionConfigurationPlatforms) = preSolution
		Debug|Any CPU = Debug|Any CPU
		Release|Any CPU = Release|Any CPU
	EndGlobalSection
	GlobalSection(ProjectConfigurationPlatforms) = postSolution
		{BE3B8A32-BCDA-46DD-986C-A9DC50FC52A4}.Debug|Any CPU.ActiveCfg = Debug|Any CPU
		{BE3B8A32-BCDA-46DD-986C-A9DC50FC52A4}.Debug|Any CPU.Build.0 = Debug|Any CPU
		{BE3B8A32-BCDA-46DD-986C-A9DC50FC52A4}.Release|Any CPU.ActiveCfg = Release|Any CPU
		{BE3B8A32-BCDA-46DD-986C-A9DC50FC52A4}.Release|Any CPU.Build.0 = Release|Any CPU
		{5D661533-8D4C-45E1-9DC8-2EF9BE8BCECD}.Debug|Any CPU.ActiveCfg = Debug|Any CPU
		{5D661533-8D4C-45E1-9DC8-2EF9BE8BCECD}.Debug|Any CPU.Build.0 = Debug|Any CPU
		{5D661533-8D4C-45E1-9DC8-2EF9BE8BCECD}.Release|Any CPU.ActiveCfg = Release|Any CPU
		{5D661533-8D4C-45E1-9DC8-2EF9BE8BCECD}.Release|Any CPU.Build.0 = Release|Any CPU
		{207BE0BE-ECBD-4C8D-BEA8-BC0A5287492E}.Debug|Any CPU.ActiveCfg = Debug|Any CPU
		{207BE0BE-ECBD-4C8D-BEA8-BC0A5287492E}.Debug|Any CPU.Build.0 = Debug|Any CPU
		{207BE0BE-ECBD-4C8D-BEA8-BC0A5287492E}.Release|Any CPU.ActiveCfg = Release|Any CPU
		{207BE0BE-ECBD-4C8D-BEA8-BC0A5287492E}.Release|Any CPU.Build.0 = Release|Any CPU
		{1089A3E8-1DE9-4460-8872-0719A012CE48}.Debug|Any CPU.ActiveCfg = Debug|Any CPU
		{1089A3E8-1DE9-4460-8872-0719A012CE48}.Debug|Any CPU.Build.0 = Debug|Any CPU
		{1089A3E8-1DE9-4460-8872-0719A012CE48}.Release|Any CPU.ActiveCfg = Release|Any CPU
		{1089A3E8-1DE9-4460-8872-0719A012CE48}.Release|Any CPU.Build.0 = Release|Any CPU
		{DA108203-5679-4FFC-AC76-1BC971FFA556}.Debug|Any CPU.ActiveCfg = Debug|Any CPU
		{DA108203-5679-4FFC-AC76-1BC971FFA556}.Debug|Any CPU.Build.0 = Debug|Any CPU
		{DA108203-5679-4FFC-AC76-1BC971FFA556}.Release|Any CPU.ActiveCfg = Release|Any CPU
		{DA108203-5679-4FFC-AC76-1BC971FFA556}.Release|Any CPU.Build.0 = Release|Any CPU
		{F775305B-83CB-4580-883D-648F79AA3370}.Debug|Any CPU.ActiveCfg = Debug|Any CPU
		{F775305B-83CB-4580-883D-648F79AA3370}.Debug|Any CPU.Build.0 = Debug|Any CPU
		{F775305B-83CB-4580-883D-648F79AA3370}.Release|Any CPU.ActiveCfg = Release|Any CPU
		{F775305B-83CB-4580-883D-648F79AA3370}.Release|Any CPU.Build.0 = Release|Any CPU
	EndGlobalSection
	GlobalSection(SolutionProperties) = preSolution
		HideSolutionNode = FALSE
	EndGlobalSection
EndGlobal
