
Microsoft Visual Studio Solution File, Format Version 12.00
# Visual Studio 14
VisualStudioVersion = 14.0.25123.0
MinimumVisualStudioVersion = 10.0.40219.1
Project("{FAE04EC0-301F-11D3-BF4B-00C04F79EFBC}") = "01.InstructionSet", "01.InstructionSet\01.InstructionSet.csproj", "{1456282C-7FD7-445A-B2C9-3CC0720FEDF5}"
EndProject
Project("{FAE04EC0-301F-11D3-BF4B-00C04F79EFBC}") = "02.BePositive", "02.BePositive\02.BePositive.csproj", "{8C7EE16D-BEF8-44D0-889D-66E702ED6B8A}"
EndProject
Project("{FAE04EC0-301F-11D3-BF4B-00C04F79EFBC}") = "03.ArrayTest", "03.ArrayTest\03.ArrayTest.csproj", "{EDD5DE06-A047-4B37-B5B9-4456A3BBC147}"
EndProject
Project("{FAE04EC0-301F-11D3-BF4B-00C04F79EFBC}") = "04.Substring", "04.Substring\04.Substring.csproj", "{6280AD51-5307-4E65-9264-1C71FBFA4E31}"
EndProject
Global
	GlobalSection(SolutionConfigurationPlatforms) = preSolution
		Debug|Any CPU = Debug|Any CPU
		Release|Any CPU = Release|Any CPU
	EndGlobalSection
	GlobalSection(ProjectConfigurationPlatforms) = postSolution
		{1456282C-7FD7-445A-B2C9-3CC0720FEDF5}.Debug|Any CPU.ActiveCfg = Debug|Any CPU
		{1456282C-7FD7-445A-B2C9-3CC0720FEDF5}.Debug|Any CPU.Build.0 = Debug|Any CPU
		{1456282C-7FD7-445A-B2C9-3CC0720FEDF5}.Release|Any CPU.ActiveCfg = Release|Any CPU
		{1456282C-7FD7-445A-B2C9-3CC0720FEDF5}.Release|Any CPU.Build.0 = Release|Any CPU
		{8C7EE16D-BEF8-44D0-889D-66E702ED6B8A}.Debug|Any CPU.ActiveCfg = Debug|Any CPU
		{8C7EE16D-BEF8-44D0-889D-66E702ED6B8A}.Debug|Any CPU.Build.0 = Debug|Any CPU
		{8C7EE16D-BEF8-44D0-889D-66E702ED6B8A}.Release|Any CPU.ActiveCfg = Release|Any CPU
		{8C7EE16D-BEF8-44D0-889D-66E702ED6B8A}.Release|Any CPU.Build.0 = Release|Any CPU
		{EDD5DE06-A047-4B37-B5B9-4456A3BBC147}.Debug|Any CPU.ActiveCfg = Debug|Any CPU
		{EDD5DE06-A047-4B37-B5B9-4456A3BBC147}.Debug|Any CPU.Build.0 = Debug|Any CPU
		{EDD5DE06-A047-4B37-B5B9-4456A3BBC147}.Release|Any CPU.ActiveCfg = Release|Any CPU
		{EDD5DE06-A047-4B37-B5B9-4456A3BBC147}.Release|Any CPU.Build.0 = Release|Any CPU
		{6280AD51-5307-4E65-9264-1C71FBFA4E31}.Debug|Any CPU.ActiveCfg = Debug|Any CPU
		{6280AD51-5307-4E65-9264-1C71FBFA4E31}.Debug|Any CPU.Build.0 = Debug|Any CPU
		{6280AD51-5307-4E65-9264-1C71FBFA4E31}.Release|Any CPU.ActiveCfg = Release|Any CPU
		{6280AD51-5307-4E65-9264-1C71FBFA4E31}.Release|Any CPU.Build.0 = Release|Any CPU
	EndGlobalSection
	GlobalSection(SolutionProperties) = preSolution
		HideSolutionNode = FALSE
	EndGlobalSection
EndGlobal
