
Microsoft Visual Studio Solution File, Format Version 12.00
# Visual Studio 14
VisualStudioVersion = 14.0.25123.0
MinimumVisualStudioVersion = 10.0.40219.1
Project("{FAE04EC0-301F-11D3-BF4B-00C04F79EFBC}") = "01.LargestCommonEnd", "01.LargestCommonEnd\01.LargestCommonEnd.csproj", "{094D193D-341F-49D8-9E01-576E704DE6C9}"
EndProject
Project("{FAE04EC0-301F-11D3-BF4B-00C04F79EFBC}") = "02.RotateAndSum", "02.RotateAndSum\02.RotateAndSum.csproj", "{8B63456B-7497-4AA1-8B50-AFD9710B2A05}"
EndProject
Project("{FAE04EC0-301F-11D3-BF4B-00C04F79EFBC}") = "03.FoldAndSum", "03.FoldAndSum\03.FoldAndSum.csproj", "{E859B198-1D5E-49FB-8040-F3350B9D1CF8}"
EndProject
Project("{FAE04EC0-301F-11D3-BF4B-00C04F79EFBC}") = "04.SieveOfEratosthenes", "04.SieveOfEratosthenes\04.SieveOfEratosthenes.csproj", "{63C8AD85-3983-41AF-9B29-BCDAD07CD237}"
EndProject
Project("{FAE04EC0-301F-11D3-BF4B-00C04F79EFBC}") = "05.CompareCharArrays", "05.CompareCharArrays\05.CompareCharArrays.csproj", "{88C53CA2-F7C9-4D59-9664-A047A847C6D7}"
EndProject
Project("{FAE04EC0-301F-11D3-BF4B-00C04F79EFBC}") = "06.MaxSequenceOfEqualElements", "06.MaxSequenceOfEqualElements\06.MaxSequenceOfEqualElements.csproj", "{89693BAC-B0CA-457D-8EFC-759E6348C71E}"
EndProject
Project("{FAE04EC0-301F-11D3-BF4B-00C04F79EFBC}") = "07.MaxSequenceOfIncreasingElements", "07.MaxSequenceOfIncreasingElements\07.MaxSequenceOfIncreasingElements.csproj", "{A17BC1B5-AAE7-4A8D-8A37-CDE9A4DA88C0}"
EndProject
Project("{FAE04EC0-301F-11D3-BF4B-00C04F79EFBC}") = "08.MostFrequentNumber", "08.MostFrequentNumber\08.MostFrequentNumber.csproj", "{9C18DA14-4ACC-4338-8A4D-762552D87E8C}"
EndProject
Project("{FAE04EC0-301F-11D3-BF4B-00C04F79EFBC}") = "09.IndexOfLetters", "09.IndexOfLetters\09.IndexOfLetters.csproj", "{9CFB380E-4EA9-497A-A22B-7C17757BBD5B}"
EndProject
Project("{FAE04EC0-301F-11D3-BF4B-00C04F79EFBC}") = "10.PairsByDifference", "10.PairsByDifference\10.PairsByDifference.csproj", "{2CF45E88-5FFF-40B0-A1BC-80FFE2CE360E}"
EndProject
Project("{FAE04EC0-301F-11D3-BF4B-00C04F79EFBC}") = "11.EqualSums", "11.EqualSums\11.EqualSums.csproj", "{582C65CF-A6EE-4440-BE9B-63A0EA11531A}"
EndProject
Global
	GlobalSection(SolutionConfigurationPlatforms) = preSolution
		Debug|Any CPU = Debug|Any CPU
		Release|Any CPU = Release|Any CPU
	EndGlobalSection
	GlobalSection(ProjectConfigurationPlatforms) = postSolution
		{094D193D-341F-49D8-9E01-576E704DE6C9}.Debug|Any CPU.ActiveCfg = Debug|Any CPU
		{094D193D-341F-49D8-9E01-576E704DE6C9}.Debug|Any CPU.Build.0 = Debug|Any CPU
		{094D193D-341F-49D8-9E01-576E704DE6C9}.Release|Any CPU.ActiveCfg = Release|Any CPU
		{094D193D-341F-49D8-9E01-576E704DE6C9}.Release|Any CPU.Build.0 = Release|Any CPU
		{8B63456B-7497-4AA1-8B50-AFD9710B2A05}.Debug|Any CPU.ActiveCfg = Debug|Any CPU
		{8B63456B-7497-4AA1-8B50-AFD9710B2A05}.Debug|Any CPU.Build.0 = Debug|Any CPU
		{8B63456B-7497-4AA1-8B50-AFD9710B2A05}.Release|Any CPU.ActiveCfg = Release|Any CPU
		{8B63456B-7497-4AA1-8B50-AFD9710B2A05}.Release|Any CPU.Build.0 = Release|Any CPU
		{E859B198-1D5E-49FB-8040-F3350B9D1CF8}.Debug|Any CPU.ActiveCfg = Debug|Any CPU
		{E859B198-1D5E-49FB-8040-F3350B9D1CF8}.Debug|Any CPU.Build.0 = Debug|Any CPU
		{E859B198-1D5E-49FB-8040-F3350B9D1CF8}.Release|Any CPU.ActiveCfg = Release|Any CPU
		{E859B198-1D5E-49FB-8040-F3350B9D1CF8}.Release|Any CPU.Build.0 = Release|Any CPU
		{63C8AD85-3983-41AF-9B29-BCDAD07CD237}.Debug|Any CPU.ActiveCfg = Debug|Any CPU
		{63C8AD85-3983-41AF-9B29-BCDAD07CD237}.Debug|Any CPU.Build.0 = Debug|Any CPU
		{63C8AD85-3983-41AF-9B29-BCDAD07CD237}.Release|Any CPU.ActiveCfg = Release|Any CPU
		{63C8AD85-3983-41AF-9B29-BCDAD07CD237}.Release|Any CPU.Build.0 = Release|Any CPU
		{88C53CA2-F7C9-4D59-9664-A047A847C6D7}.Debug|Any CPU.ActiveCfg = Debug|Any CPU
		{88C53CA2-F7C9-4D59-9664-A047A847C6D7}.Debug|Any CPU.Build.0 = Debug|Any CPU
		{88C53CA2-F7C9-4D59-9664-A047A847C6D7}.Release|Any CPU.ActiveCfg = Release|Any CPU
		{88C53CA2-F7C9-4D59-9664-A047A847C6D7}.Release|Any CPU.Build.0 = Release|Any CPU
		{89693BAC-B0CA-457D-8EFC-759E6348C71E}.Debug|Any CPU.ActiveCfg = Debug|Any CPU
		{89693BAC-B0CA-457D-8EFC-759E6348C71E}.Debug|Any CPU.Build.0 = Debug|Any CPU
		{89693BAC-B0CA-457D-8EFC-759E6348C71E}.Release|Any CPU.ActiveCfg = Release|Any CPU
		{89693BAC-B0CA-457D-8EFC-759E6348C71E}.Release|Any CPU.Build.0 = Release|Any CPU
		{A17BC1B5-AAE7-4A8D-8A37-CDE9A4DA88C0}.Debug|Any CPU.ActiveCfg = Debug|Any CPU
		{A17BC1B5-AAE7-4A8D-8A37-CDE9A4DA88C0}.Debug|Any CPU.Build.0 = Debug|Any CPU
		{A17BC1B5-AAE7-4A8D-8A37-CDE9A4DA88C0}.Release|Any CPU.ActiveCfg = Release|Any CPU
		{A17BC1B5-AAE7-4A8D-8A37-CDE9A4DA88C0}.Release|Any CPU.Build.0 = Release|Any CPU
		{9C18DA14-4ACC-4338-8A4D-762552D87E8C}.Debug|Any CPU.ActiveCfg = Debug|Any CPU
		{9C18DA14-4ACC-4338-8A4D-762552D87E8C}.Debug|Any CPU.Build.0 = Debug|Any CPU
		{9C18DA14-4ACC-4338-8A4D-762552D87E8C}.Release|Any CPU.ActiveCfg = Release|Any CPU
		{9C18DA14-4ACC-4338-8A4D-762552D87E8C}.Release|Any CPU.Build.0 = Release|Any CPU
		{9CFB380E-4EA9-497A-A22B-7C17757BBD5B}.Debug|Any CPU.ActiveCfg = Debug|Any CPU
		{9CFB380E-4EA9-497A-A22B-7C17757BBD5B}.Debug|Any CPU.Build.0 = Debug|Any CPU
		{9CFB380E-4EA9-497A-A22B-7C17757BBD5B}.Release|Any CPU.ActiveCfg = Release|Any CPU
		{9CFB380E-4EA9-497A-A22B-7C17757BBD5B}.Release|Any CPU.Build.0 = Release|Any CPU
		{2CF45E88-5FFF-40B0-A1BC-80FFE2CE360E}.Debug|Any CPU.ActiveCfg = Debug|Any CPU
		{2CF45E88-5FFF-40B0-A1BC-80FFE2CE360E}.Debug|Any CPU.Build.0 = Debug|Any CPU
		{2CF45E88-5FFF-40B0-A1BC-80FFE2CE360E}.Release|Any CPU.ActiveCfg = Release|Any CPU
		{2CF45E88-5FFF-40B0-A1BC-80FFE2CE360E}.Release|Any CPU.Build.0 = Release|Any CPU
		{582C65CF-A6EE-4440-BE9B-63A0EA11531A}.Debug|Any CPU.ActiveCfg = Debug|Any CPU
		{582C65CF-A6EE-4440-BE9B-63A0EA11531A}.Debug|Any CPU.Build.0 = Debug|Any CPU
		{582C65CF-A6EE-4440-BE9B-63A0EA11531A}.Release|Any CPU.ActiveCfg = Release|Any CPU
		{582C65CF-A6EE-4440-BE9B-63A0EA11531A}.Release|Any CPU.Build.0 = Release|Any CPU
	EndGlobalSection
	GlobalSection(SolutionProperties) = preSolution
		HideSolutionNode = FALSE
	EndGlobalSection
EndGlobal
