
Microsoft Visual Studio Solution File, Format Version 12.00
# Visual Studio 14
VisualStudioVersion = 14.0.25123.0
MinimumVisualStudioVersion = 10.0.40219.1
Project("{FAE04EC0-301F-11D3-BF4B-00C04F79EFBC}") = "01.ReverseString", "01.ReverseString\01.ReverseString.csproj", "{5B151A77-02F2-4A01-BCF6-BD9300D53064}"
EndProject
Project("{FAE04EC0-301F-11D3-BF4B-00C04F79EFBC}") = "02.FitStringIn20Chars", "02.FitStringIn20Chars\02.FitStringIn20Chars.csproj", "{0183B7E5-D01E-429C-B5B4-BF91608130CF}"
EndProject
Project("{FAE04EC0-301F-11D3-BF4B-00C04F79EFBC}") = "03.CensorYourEmailAddress", "03.CensorYourEmailAddress\03.CensorYourEmailAddress.csproj", "{598AD865-1712-4C43-9DA1-A44C097793F9}"
EndProject
Project("{FAE04EC0-301F-11D3-BF4B-00C04F79EFBC}") = "04.ExtractSentencesByKeyword", "04.ExtractSentencesByKeyword\04.ExtractSentencesByKeyword.csproj", "{ECC5B735-555A-479F-BC74-5E85EDDF70F3}"
EndProject
Project("{FAE04EC0-301F-11D3-BF4B-00C04F79EFBC}") = "05.URLParser", "05.URLParser\05.URLParser.csproj", "{7DA9A365-469F-462D-8940-472FA48E8EC3}"
EndProject
Project("{FAE04EC0-301F-11D3-BF4B-00C04F79EFBC}") = "06.ReverseWordsInASentence", "06.ReverseWordsInASentence\06.ReverseWordsInASentence.csproj", "{5660AD6F-2B7A-43B6-9315-D5886D663BF3}"
EndProject
Project("{FAE04EC0-301F-11D3-BF4B-00C04F79EFBC}") = "07.ChangeToUppercase", "07.ChangeToUppercase\07.ChangeToUppercase.csproj", "{0870B699-C7FE-46CE-BE1C-A6D48E4CB244}"
EndProject
Project("{FAE04EC0-301F-11D3-BF4B-00C04F79EFBC}") = "08.Palindromes", "08.Palindromes\08.Palindromes.csproj", "{433D84CF-A60D-46F7-88D9-B0221F9A7667}"
EndProject
Project("{FAE04EC0-301F-11D3-BF4B-00C04F79EFBC}") = "09.Capitalization", "09.Capitalization\09.Capitalization.csproj", "{2AA6BE3C-5085-4CE7-AA69-80738F87FC59}"
EndProject
Project("{FAE04EC0-301F-11D3-BF4B-00C04F79EFBC}") = "10.PalindromeIndex", "10.PalindromeIndex\10.PalindromeIndex.csproj", "{20859BDB-D194-4A99-B680-BDF75C1064BC}"
EndProject
Project("{FAE04EC0-301F-11D3-BF4B-00C04F79EFBC}") = "11.CommonStrings", "11.CommonStrings\11.CommonStrings.csproj", "{917755BD-C5C6-4D03-BC8C-18CD7264C35B}"
EndProject
Project("{FAE04EC0-301F-11D3-BF4B-00C04F79EFBC}") = "12.Phonebook", "12.Phonebook\12.Phonebook.csproj", "{C11C3A2B-89AC-4D5D-9CE2-342EC075AF19}"
EndProject
Project("{FAE04EC0-301F-11D3-BF4B-00C04F79EFBC}") = "13.PhonebookUpgrade", "13.PhonebookUpgrade\13.PhonebookUpgrade.csproj", "{ABD67F3C-FD9E-4021-9766-D89D260699DE}"
EndProject
Global
	GlobalSection(SolutionConfigurationPlatforms) = preSolution
		Debug|Any CPU = Debug|Any CPU
		Release|Any CPU = Release|Any CPU
	EndGlobalSection
	GlobalSection(ProjectConfigurationPlatforms) = postSolution
		{5B151A77-02F2-4A01-BCF6-BD9300D53064}.Debug|Any CPU.ActiveCfg = Debug|Any CPU
		{5B151A77-02F2-4A01-BCF6-BD9300D53064}.Debug|Any CPU.Build.0 = Debug|Any CPU
		{5B151A77-02F2-4A01-BCF6-BD9300D53064}.Release|Any CPU.ActiveCfg = Release|Any CPU
		{5B151A77-02F2-4A01-BCF6-BD9300D53064}.Release|Any CPU.Build.0 = Release|Any CPU
		{0183B7E5-D01E-429C-B5B4-BF91608130CF}.Debug|Any CPU.ActiveCfg = Debug|Any CPU
		{0183B7E5-D01E-429C-B5B4-BF91608130CF}.Debug|Any CPU.Build.0 = Debug|Any CPU
		{0183B7E5-D01E-429C-B5B4-BF91608130CF}.Release|Any CPU.ActiveCfg = Release|Any CPU
		{0183B7E5-D01E-429C-B5B4-BF91608130CF}.Release|Any CPU.Build.0 = Release|Any CPU
		{598AD865-1712-4C43-9DA1-A44C097793F9}.Debug|Any CPU.ActiveCfg = Debug|Any CPU
		{598AD865-1712-4C43-9DA1-A44C097793F9}.Debug|Any CPU.Build.0 = Debug|Any CPU
		{598AD865-1712-4C43-9DA1-A44C097793F9}.Release|Any CPU.ActiveCfg = Release|Any CPU
		{598AD865-1712-4C43-9DA1-A44C097793F9}.Release|Any CPU.Build.0 = Release|Any CPU
		{ECC5B735-555A-479F-BC74-5E85EDDF70F3}.Debug|Any CPU.ActiveCfg = Debug|Any CPU
		{ECC5B735-555A-479F-BC74-5E85EDDF70F3}.Debug|Any CPU.Build.0 = Debug|Any CPU
		{ECC5B735-555A-479F-BC74-5E85EDDF70F3}.Release|Any CPU.ActiveCfg = Release|Any CPU
		{ECC5B735-555A-479F-BC74-5E85EDDF70F3}.Release|Any CPU.Build.0 = Release|Any CPU
		{7DA9A365-469F-462D-8940-472FA48E8EC3}.Debug|Any CPU.ActiveCfg = Debug|Any CPU
		{7DA9A365-469F-462D-8940-472FA48E8EC3}.Debug|Any CPU.Build.0 = Debug|Any CPU
		{7DA9A365-469F-462D-8940-472FA48E8EC3}.Release|Any CPU.ActiveCfg = Release|Any CPU
		{7DA9A365-469F-462D-8940-472FA48E8EC3}.Release|Any CPU.Build.0 = Release|Any CPU
		{5660AD6F-2B7A-43B6-9315-D5886D663BF3}.Debug|Any CPU.ActiveCfg = Debug|Any CPU
		{5660AD6F-2B7A-43B6-9315-D5886D663BF3}.Debug|Any CPU.Build.0 = Debug|Any CPU
		{5660AD6F-2B7A-43B6-9315-D5886D663BF3}.Release|Any CPU.ActiveCfg = Release|Any CPU
		{5660AD6F-2B7A-43B6-9315-D5886D663BF3}.Release|Any CPU.Build.0 = Release|Any CPU
		{0870B699-C7FE-46CE-BE1C-A6D48E4CB244}.Debug|Any CPU.ActiveCfg = Debug|Any CPU
		{0870B699-C7FE-46CE-BE1C-A6D48E4CB244}.Debug|Any CPU.Build.0 = Debug|Any CPU
		{0870B699-C7FE-46CE-BE1C-A6D48E4CB244}.Release|Any CPU.ActiveCfg = Release|Any CPU
		{0870B699-C7FE-46CE-BE1C-A6D48E4CB244}.Release|Any CPU.Build.0 = Release|Any CPU
		{433D84CF-A60D-46F7-88D9-B0221F9A7667}.Debug|Any CPU.ActiveCfg = Debug|Any CPU
		{433D84CF-A60D-46F7-88D9-B0221F9A7667}.Debug|Any CPU.Build.0 = Debug|Any CPU
		{433D84CF-A60D-46F7-88D9-B0221F9A7667}.Release|Any CPU.ActiveCfg = Release|Any CPU
		{433D84CF-A60D-46F7-88D9-B0221F9A7667}.Release|Any CPU.Build.0 = Release|Any CPU
		{2AA6BE3C-5085-4CE7-AA69-80738F87FC59}.Debug|Any CPU.ActiveCfg = Debug|Any CPU
		{2AA6BE3C-5085-4CE7-AA69-80738F87FC59}.Debug|Any CPU.Build.0 = Debug|Any CPU
		{2AA6BE3C-5085-4CE7-AA69-80738F87FC59}.Release|Any CPU.ActiveCfg = Release|Any CPU
		{2AA6BE3C-5085-4CE7-AA69-80738F87FC59}.Release|Any CPU.Build.0 = Release|Any CPU
		{20859BDB-D194-4A99-B680-BDF75C1064BC}.Debug|Any CPU.ActiveCfg = Debug|Any CPU
		{20859BDB-D194-4A99-B680-BDF75C1064BC}.Debug|Any CPU.Build.0 = Debug|Any CPU
		{20859BDB-D194-4A99-B680-BDF75C1064BC}.Release|Any CPU.ActiveCfg = Release|Any CPU
		{20859BDB-D194-4A99-B680-BDF75C1064BC}.Release|Any CPU.Build.0 = Release|Any CPU
		{917755BD-C5C6-4D03-BC8C-18CD7264C35B}.Debug|Any CPU.ActiveCfg = Debug|Any CPU
		{917755BD-C5C6-4D03-BC8C-18CD7264C35B}.Debug|Any CPU.Build.0 = Debug|Any CPU
		{917755BD-C5C6-4D03-BC8C-18CD7264C35B}.Release|Any CPU.ActiveCfg = Release|Any CPU
		{917755BD-C5C6-4D03-BC8C-18CD7264C35B}.Release|Any CPU.Build.0 = Release|Any CPU
		{C11C3A2B-89AC-4D5D-9CE2-342EC075AF19}.Debug|Any CPU.ActiveCfg = Debug|Any CPU
		{C11C3A2B-89AC-4D5D-9CE2-342EC075AF19}.Debug|Any CPU.Build.0 = Debug|Any CPU
		{C11C3A2B-89AC-4D5D-9CE2-342EC075AF19}.Release|Any CPU.ActiveCfg = Release|Any CPU
		{C11C3A2B-89AC-4D5D-9CE2-342EC075AF19}.Release|Any CPU.Build.0 = Release|Any CPU
		{ABD67F3C-FD9E-4021-9766-D89D260699DE}.Debug|Any CPU.ActiveCfg = Debug|Any CPU
		{ABD67F3C-FD9E-4021-9766-D89D260699DE}.Debug|Any CPU.Build.0 = Debug|Any CPU
		{ABD67F3C-FD9E-4021-9766-D89D260699DE}.Release|Any CPU.ActiveCfg = Release|Any CPU
		{ABD67F3C-FD9E-4021-9766-D89D260699DE}.Release|Any CPU.Build.0 = Release|Any CPU
	EndGlobalSection
	GlobalSection(SolutionProperties) = preSolution
		HideSolutionNode = FALSE
	EndGlobalSection
EndGlobal
