
Microsoft Visual Studio Solution File, Format Version 12.00
# Visual Studio 14
VisualStudioVersion = 14.0.25123.0
MinimumVisualStudioVersion = 10.0.40219.1
Project("{FAE04EC0-301F-11D3-BF4B-00C04F79EFBC}") = "01.PrintStringLetters", "01.PrintStringLetters\01.PrintStringLetters.csproj", "{C241F4C6-0879-4127-89D0-2CD0544BCE86}"
EndProject
Project("{FAE04EC0-301F-11D3-BF4B-00C04F79EFBC}") = "02.CountLettersInString", "02.CountLettersInString\02.CountLettersInString.csproj", "{5AC1BC27-F8BE-46A2-BC89-39C6EC615E79}"
EndProject
Project("{FAE04EC0-301F-11D3-BF4B-00C04F79EFBC}") = "03.PrintAReceipt", "03.PrintAReceipt\03.PrintAReceipt.csproj", "{FBBA976B-C759-4843-88E4-E3CD237AC4D1}"
EndProject
Project("{FAE04EC0-301F-11D3-BF4B-00C04F79EFBC}") = "04.OccurrencesInString", "04.OccurrencesInString\04.OccurrencesInString.csproj", "{150EF542-D59D-441F-8F77-54F04353A33F}"
EndProject
Project("{FAE04EC0-301F-11D3-BF4B-00C04F79EFBC}") = "05.ForbiddenSubstrings", "05.ForbiddenSubstrings\05.ForbiddenSubstrings.csproj", "{D7E3FFC2-4330-487D-81DE-2255B9C909F7}"
EndProject
Project("{FAE04EC0-301F-11D3-BF4B-00C04F79EFBC}") = "06.CountRealNumbers", "06.CountRealNumbers\06.CountRealNumbers.csproj", "{981B174B-6693-4162-87CA-B5753F7ADED2}"
EndProject
Project("{FAE04EC0-301F-11D3-BF4B-00C04F79EFBC}") = "07.OddOccurrences", "07.OddOccurrences\07.OddOccurrences.csproj", "{6F368B89-4B19-4EBA-B9A8-07C6A019DF47}"
EndProject
Project("{FAE04EC0-301F-11D3-BF4B-00C04F79EFBC}") = "08.Largest3Numbers", "08.Largest3Numbers\08.Largest3Numbers.csproj", "{7004BD6F-A864-4686-825C-48ADBE58500C}"
EndProject
Project("{FAE04EC0-301F-11D3-BF4B-00C04F79EFBC}") = "09.ShortWordsSorted", "09.ShortWordsSorted\09.ShortWordsSorted.csproj", "{296BC072-4FCD-46F0-9F2C-EE05FDED244E}"
EndProject
Global
	GlobalSection(SolutionConfigurationPlatforms) = preSolution
		Debug|Any CPU = Debug|Any CPU
		Release|Any CPU = Release|Any CPU
	EndGlobalSection
	GlobalSection(ProjectConfigurationPlatforms) = postSolution
		{C241F4C6-0879-4127-89D0-2CD0544BCE86}.Debug|Any CPU.ActiveCfg = Debug|Any CPU
		{C241F4C6-0879-4127-89D0-2CD0544BCE86}.Debug|Any CPU.Build.0 = Debug|Any CPU
		{C241F4C6-0879-4127-89D0-2CD0544BCE86}.Release|Any CPU.ActiveCfg = Release|Any CPU
		{C241F4C6-0879-4127-89D0-2CD0544BCE86}.Release|Any CPU.Build.0 = Release|Any CPU
		{5AC1BC27-F8BE-46A2-BC89-39C6EC615E79}.Debug|Any CPU.ActiveCfg = Debug|Any CPU
		{5AC1BC27-F8BE-46A2-BC89-39C6EC615E79}.Debug|Any CPU.Build.0 = Debug|Any CPU
		{5AC1BC27-F8BE-46A2-BC89-39C6EC615E79}.Release|Any CPU.ActiveCfg = Release|Any CPU
		{5AC1BC27-F8BE-46A2-BC89-39C6EC615E79}.Release|Any CPU.Build.0 = Release|Any CPU
		{FBBA976B-C759-4843-88E4-E3CD237AC4D1}.Debug|Any CPU.ActiveCfg = Debug|Any CPU
		{FBBA976B-C759-4843-88E4-E3CD237AC4D1}.Debug|Any CPU.Build.0 = Debug|Any CPU
		{FBBA976B-C759-4843-88E4-E3CD237AC4D1}.Release|Any CPU.ActiveCfg = Release|Any CPU
		{FBBA976B-C759-4843-88E4-E3CD237AC4D1}.Release|Any CPU.Build.0 = Release|Any CPU
		{150EF542-D59D-441F-8F77-54F04353A33F}.Debug|Any CPU.ActiveCfg = Debug|Any CPU
		{150EF542-D59D-441F-8F77-54F04353A33F}.Debug|Any CPU.Build.0 = Debug|Any CPU
		{150EF542-D59D-441F-8F77-54F04353A33F}.Release|Any CPU.ActiveCfg = Release|Any CPU
		{150EF542-D59D-441F-8F77-54F04353A33F}.Release|Any CPU.Build.0 = Release|Any CPU
		{D7E3FFC2-4330-487D-81DE-2255B9C909F7}.Debug|Any CPU.ActiveCfg = Debug|Any CPU
		{D7E3FFC2-4330-487D-81DE-2255B9C909F7}.Debug|Any CPU.Build.0 = Debug|Any CPU
		{D7E3FFC2-4330-487D-81DE-2255B9C909F7}.Release|Any CPU.ActiveCfg = Release|Any CPU
		{D7E3FFC2-4330-487D-81DE-2255B9C909F7}.Release|Any CPU.Build.0 = Release|Any CPU
		{981B174B-6693-4162-87CA-B5753F7ADED2}.Debug|Any CPU.ActiveCfg = Debug|Any CPU
		{981B174B-6693-4162-87CA-B5753F7ADED2}.Debug|Any CPU.Build.0 = Debug|Any CPU
		{981B174B-6693-4162-87CA-B5753F7ADED2}.Release|Any CPU.ActiveCfg = Release|Any CPU
		{981B174B-6693-4162-87CA-B5753F7ADED2}.Release|Any CPU.Build.0 = Release|Any CPU
		{6F368B89-4B19-4EBA-B9A8-07C6A019DF47}.Debug|Any CPU.ActiveCfg = Debug|Any CPU
		{6F368B89-4B19-4EBA-B9A8-07C6A019DF47}.Debug|Any CPU.Build.0 = Debug|Any CPU
		{6F368B89-4B19-4EBA-B9A8-07C6A019DF47}.Release|Any CPU.ActiveCfg = Release|Any CPU
		{6F368B89-4B19-4EBA-B9A8-07C6A019DF47}.Release|Any CPU.Build.0 = Release|Any CPU
		{7004BD6F-A864-4686-825C-48ADBE58500C}.Debug|Any CPU.ActiveCfg = Debug|Any CPU
		{7004BD6F-A864-4686-825C-48ADBE58500C}.Debug|Any CPU.Build.0 = Debug|Any CPU
		{7004BD6F-A864-4686-825C-48ADBE58500C}.Release|Any CPU.ActiveCfg = Release|Any CPU
		{7004BD6F-A864-4686-825C-48ADBE58500C}.Release|Any CPU.Build.0 = Release|Any CPU
		{296BC072-4FCD-46F0-9F2C-EE05FDED244E}.Debug|Any CPU.ActiveCfg = Debug|Any CPU
		{296BC072-4FCD-46F0-9F2C-EE05FDED244E}.Debug|Any CPU.Build.0 = Debug|Any CPU
		{296BC072-4FCD-46F0-9F2C-EE05FDED244E}.Release|Any CPU.ActiveCfg = Release|Any CPU
		{296BC072-4FCD-46F0-9F2C-EE05FDED244E}.Release|Any CPU.Build.0 = Release|Any CPU
	EndGlobalSection
	GlobalSection(SolutionProperties) = preSolution
		HideSolutionNode = FALSE
	EndGlobalSection
EndGlobal
