
Microsoft Visual Studio Solution File, Format Version 12.00
# Visual Studio 14
VisualStudioVersion = 14.0.25123.0
MinimumVisualStudioVersion = 10.0.40219.1
Project("{FAE04EC0-301F-11D3-BF4B-00C04F79EFBC}") = "01.DayOfWeek", "01.DayOfWeek\01.DayOfWeek.csproj", "{D9E9540F-A8D6-49E6-9F70-038C57A11274}"
EndProject
Project("{FAE04EC0-301F-11D3-BF4B-00C04F79EFBC}") = "02.ReverseAnArrayOfIntegers", "02.ReverseAnArrayOfIntegers\02.ReverseAnArrayOfIntegers.csproj", "{4364E81E-01D8-4E40-9278-A402F7808A83}"
EndProject
Project("{FAE04EC0-301F-11D3-BF4B-00C04F79EFBC}") = "03.SumMinMaxFirstLastAverage", "03.SumMinMaxFirstLastAverage\03.SumMinMaxFirstLastAverage.csproj", "{82C97106-DB7B-47CB-A985-F041AD47F087}"
EndProject
Project("{FAE04EC0-301F-11D3-BF4B-00C04F79EFBC}") = "05.TripleSum", "05.TripleSum\05.TripleSum.csproj", "{502FB4D0-7F18-46CB-B55E-6C4429FA56C3}"
EndProject
Project("{FAE04EC0-301F-11D3-BF4B-00C04F79EFBC}") = "06.RoundingNumbers", "06.RoundingNumbers\06.RoundingNumbers.csproj", "{0F585464-D870-43FF-A2C7-1CAC41670B54}"
EndProject
Project("{FAE04EC0-301F-11D3-BF4B-00C04F79EFBC}") = "07.ReverseAnArrayOfStrings", "07.ReverseAnArrayOfStrings\07.ReverseAnArrayOfStrings.csproj", "{FB7F6B3E-FC76-45FE-B4E0-40D2735B3B15}"
EndProject
Project("{FAE04EC0-301F-11D3-BF4B-00C04F79EFBC}") = "08.SumArrays", "08.SumArrays\08.SumArrays.csproj", "{C571594C-6375-486D-8BA4-5516942C640E}"
EndProject
Project("{FAE04EC0-301F-11D3-BF4B-00C04F79EFBC}") = "09.CondenseArrayOfNumber", "09.CondenseArrayOfNumber\09.CondenseArrayOfNumber.csproj", "{6F04950E-D637-46EB-A9AB-EF27EB2EF93C}"
EndProject
Project("{FAE04EC0-301F-11D3-BF4B-00C04F79EFBC}") = "10.ExtractMiddle1,2Or3Elements", "10.ExtractMiddle1,2Or3Elements\10.ExtractMiddle1,2Or3Elements.csproj", "{FDAC46E2-30DB-45DB-8F61-5C1EF8B14391}"
EndProject
Project("{FAE04EC0-301F-11D3-BF4B-00C04F79EFBC}") = "04.LastKNumbersSumsSequence", "04.LastKNumbersSumsSequence\04.LastKNumbersSumsSequence.csproj", "{87EB90A1-5605-4492-B7FE-EF6F3879B203}"
EndProject
Global
	GlobalSection(SolutionConfigurationPlatforms) = preSolution
		Debug|Any CPU = Debug|Any CPU
		Release|Any CPU = Release|Any CPU
	EndGlobalSection
	GlobalSection(ProjectConfigurationPlatforms) = postSolution
		{D9E9540F-A8D6-49E6-9F70-038C57A11274}.Debug|Any CPU.ActiveCfg = Debug|Any CPU
		{D9E9540F-A8D6-49E6-9F70-038C57A11274}.Debug|Any CPU.Build.0 = Debug|Any CPU
		{D9E9540F-A8D6-49E6-9F70-038C57A11274}.Release|Any CPU.ActiveCfg = Release|Any CPU
		{D9E9540F-A8D6-49E6-9F70-038C57A11274}.Release|Any CPU.Build.0 = Release|Any CPU
		{4364E81E-01D8-4E40-9278-A402F7808A83}.Debug|Any CPU.ActiveCfg = Debug|Any CPU
		{4364E81E-01D8-4E40-9278-A402F7808A83}.Debug|Any CPU.Build.0 = Debug|Any CPU
		{4364E81E-01D8-4E40-9278-A402F7808A83}.Release|Any CPU.ActiveCfg = Release|Any CPU
		{4364E81E-01D8-4E40-9278-A402F7808A83}.Release|Any CPU.Build.0 = Release|Any CPU
		{82C97106-DB7B-47CB-A985-F041AD47F087}.Debug|Any CPU.ActiveCfg = Debug|Any CPU
		{82C97106-DB7B-47CB-A985-F041AD47F087}.Debug|Any CPU.Build.0 = Debug|Any CPU
		{82C97106-DB7B-47CB-A985-F041AD47F087}.Release|Any CPU.ActiveCfg = Release|Any CPU
		{82C97106-DB7B-47CB-A985-F041AD47F087}.Release|Any CPU.Build.0 = Release|Any CPU
		{502FB4D0-7F18-46CB-B55E-6C4429FA56C3}.Debug|Any CPU.ActiveCfg = Debug|Any CPU
		{502FB4D0-7F18-46CB-B55E-6C4429FA56C3}.Debug|Any CPU.Build.0 = Debug|Any CPU
		{502FB4D0-7F18-46CB-B55E-6C4429FA56C3}.Release|Any CPU.ActiveCfg = Release|Any CPU
		{502FB4D0-7F18-46CB-B55E-6C4429FA56C3}.Release|Any CPU.Build.0 = Release|Any CPU
		{0F585464-D870-43FF-A2C7-1CAC41670B54}.Debug|Any CPU.ActiveCfg = Debug|Any CPU
		{0F585464-D870-43FF-A2C7-1CAC41670B54}.Debug|Any CPU.Build.0 = Debug|Any CPU
		{0F585464-D870-43FF-A2C7-1CAC41670B54}.Release|Any CPU.ActiveCfg = Release|Any CPU
		{0F585464-D870-43FF-A2C7-1CAC41670B54}.Release|Any CPU.Build.0 = Release|Any CPU
		{FB7F6B3E-FC76-45FE-B4E0-40D2735B3B15}.Debug|Any CPU.ActiveCfg = Debug|Any CPU
		{FB7F6B3E-FC76-45FE-B4E0-40D2735B3B15}.Debug|Any CPU.Build.0 = Debug|Any CPU
		{FB7F6B3E-FC76-45FE-B4E0-40D2735B3B15}.Release|Any CPU.ActiveCfg = Release|Any CPU
		{FB7F6B3E-FC76-45FE-B4E0-40D2735B3B15}.Release|Any CPU.Build.0 = Release|Any CPU
		{C571594C-6375-486D-8BA4-5516942C640E}.Debug|Any CPU.ActiveCfg = Debug|Any CPU
		{C571594C-6375-486D-8BA4-5516942C640E}.Debug|Any CPU.Build.0 = Debug|Any CPU
		{C571594C-6375-486D-8BA4-5516942C640E}.Release|Any CPU.ActiveCfg = Release|Any CPU
		{C571594C-6375-486D-8BA4-5516942C640E}.Release|Any CPU.Build.0 = Release|Any CPU
		{6F04950E-D637-46EB-A9AB-EF27EB2EF93C}.Debug|Any CPU.ActiveCfg = Debug|Any CPU
		{6F04950E-D637-46EB-A9AB-EF27EB2EF93C}.Debug|Any CPU.Build.0 = Debug|Any CPU
		{6F04950E-D637-46EB-A9AB-EF27EB2EF93C}.Release|Any CPU.ActiveCfg = Release|Any CPU
		{6F04950E-D637-46EB-A9AB-EF27EB2EF93C}.Release|Any CPU.Build.0 = Release|Any CPU
		{FDAC46E2-30DB-45DB-8F61-5C1EF8B14391}.Debug|Any CPU.ActiveCfg = Debug|Any CPU
		{FDAC46E2-30DB-45DB-8F61-5C1EF8B14391}.Debug|Any CPU.Build.0 = Debug|Any CPU
		{FDAC46E2-30DB-45DB-8F61-5C1EF8B14391}.Release|Any CPU.ActiveCfg = Release|Any CPU
		{FDAC46E2-30DB-45DB-8F61-5C1EF8B14391}.Release|Any CPU.Build.0 = Release|Any CPU
		{87EB90A1-5605-4492-B7FE-EF6F3879B203}.Debug|Any CPU.ActiveCfg = Debug|Any CPU
		{87EB90A1-5605-4492-B7FE-EF6F3879B203}.Debug|Any CPU.Build.0 = Debug|Any CPU
		{87EB90A1-5605-4492-B7FE-EF6F3879B203}.Release|Any CPU.ActiveCfg = Release|Any CPU
		{87EB90A1-5605-4492-B7FE-EF6F3879B203}.Release|Any CPU.Build.0 = Release|Any CPU
	EndGlobalSection
	GlobalSection(SolutionProperties) = preSolution
		HideSolutionNode = FALSE
	EndGlobalSection
EndGlobal
